
Microsoft Visual Studio Solution File, Format Version 12.00
# Visual Studio Version 17
VisualStudioVersion = 17.10.34928.147
MinimumVisualStudioVersion = 10.0.40219.1
Project("{FAE04EC0-301F-11D3-BF4B-00C04F79EFBC}") = "Final160224", "Final160224\Final160224.csproj", "{0AE1B76F-768E-40BD-BDAC-BD299891B87D}"
EndProject
Global
	GlobalSection(SolutionConfigurationPlatforms) = preSolution
		Debug|Any CPU = Debug|Any CPU
		Release|Any CPU = Release|Any CPU
	EndGlobalSection
	GlobalSection(ProjectConfigurationPlatforms) = postSolution
		{0AE1B76F-768E-40BD-BDAC-BD299891B87D}.Debug|Any CPU.ActiveCfg = Debug|Any CPU
		{0AE1B76F-768E-40BD-BDAC-BD299891B87D}.Debug|Any CPU.Build.0 = Debug|Any CPU
		{0AE1B76F-768E-40BD-BDAC-BD299891B87D}.Release|Any CPU.ActiveCfg = Release|Any CPU
		{0AE1B76F-768E-40BD-BDAC-BD299891B87D}.Release|Any CPU.Build.0 = Release|Any CPU
	EndGlobalSection
	GlobalSection(SolutionProperties) = preSolution
		HideSolutionNode = FALSE
	EndGlobalSection
	GlobalSection(ExtensibilityGlobals) = postSolution
		SolutionGuid = {9A409729-1248-4815-9DAE-6435E781ABC3}
	EndGlobalSection
EndGlobal
