
Microsoft Visual Studio Solution File, Format Version 12.00
# Visual Studio Version 17
VisualStudioVersion = 17.10.34928.147
MinimumVisualStudioVersion = 10.0.40219.1
Project("{FAE04EC0-301F-11D3-BF4B-00C04F79EFBC}") = "FinalSucursales", "FinalSucursales\FinalSucursales.csproj", "{97E83196-E7E6-416E-B4A7-9D31D58E6AD7}"
EndProject
Global
	GlobalSection(SolutionConfigurationPlatforms) = preSolution
		Debug|Any CPU = Debug|Any CPU
		Release|Any CPU = Release|Any CPU
	EndGlobalSection
	GlobalSection(ProjectConfigurationPlatforms) = postSolution
		{97E83196-E7E6-416E-B4A7-9D31D58E6AD7}.Debug|Any CPU.ActiveCfg = Debug|Any CPU
		{97E83196-E7E6-416E-B4A7-9D31D58E6AD7}.Debug|Any CPU.Build.0 = Debug|Any CPU
		{97E83196-E7E6-416E-B4A7-9D31D58E6AD7}.Release|Any CPU.ActiveCfg = Release|Any CPU
		{97E83196-E7E6-416E-B4A7-9D31D58E6AD7}.Release|Any CPU.Build.0 = Release|Any CPU
	EndGlobalSection
	GlobalSection(SolutionProperties) = preSolution
		HideSolutionNode = FALSE
	EndGlobalSection
	GlobalSection(ExtensibilityGlobals) = postSolution
		SolutionGuid = {73DB7915-AC7C-4EDD-8F24-24538A909ED5}
	EndGlobalSection
EndGlobal
